
Microsoft Visual Studio Solution File, Format Version 12.00
# Visual Studio Version 16
VisualStudioVersion = 16.0.32228.343
MinimumVisualStudioVersion = 10.0.40219.1
Project("{FAE04EC0-301F-11D3-BF4B-00C04F79EFBC}") = "Server", "Server.csproj", "{DAA53A01-9168-4568-9299-45D1DA65C7D8}"
EndProject
Project("{FAE04EC0-301F-11D3-BF4B-00C04F79EFBC}") = "Client", "..\Client\Client.csproj", "{271ACF9F-01B2-4EB4-AD25-2AA3B2A4D0A2}"
EndProject
Project("{FAE04EC0-301F-11D3-BF4B-00C04F79EFBC}") = "PacketClass", "..\ClassLibrary1\PacketClass.csproj", "{C8EC461B-43F2-4782-BB00-589089EA8CBD}"
EndProject
Global
	GlobalSection(SolutionConfigurationPlatforms) = preSolution
		Debug|Any CPU = Debug|Any CPU
		Release|Any CPU = Release|Any CPU
	EndGlobalSection
	GlobalSection(ProjectConfigurationPlatforms) = postSolution
		{DAA53A01-9168-4568-9299-45D1DA65C7D8}.Debug|Any CPU.ActiveCfg = Debug|Any CPU
		{DAA53A01-9168-4568-9299-45D1DA65C7D8}.Debug|Any CPU.Build.0 = Debug|Any CPU
		{DAA53A01-9168-4568-9299-45D1DA65C7D8}.Release|Any CPU.ActiveCfg = Release|Any CPU
		{DAA53A01-9168-4568-9299-45D1DA65C7D8}.Release|Any CPU.Build.0 = Release|Any CPU
		{271ACF9F-01B2-4EB4-AD25-2AA3B2A4D0A2}.Debug|Any CPU.ActiveCfg = Debug|Any CPU
		{271ACF9F-01B2-4EB4-AD25-2AA3B2A4D0A2}.Debug|Any CPU.Build.0 = Debug|Any CPU
		{271ACF9F-01B2-4EB4-AD25-2AA3B2A4D0A2}.Release|Any CPU.ActiveCfg = Release|Any CPU
		{271ACF9F-01B2-4EB4-AD25-2AA3B2A4D0A2}.Release|Any CPU.Build.0 = Release|Any CPU
		{C8EC461B-43F2-4782-BB00-589089EA8CBD}.Debug|Any CPU.ActiveCfg = Debug|Any CPU
		{C8EC461B-43F2-4782-BB00-589089EA8CBD}.Debug|Any CPU.Build.0 = Debug|Any CPU
		{C8EC461B-43F2-4782-BB00-589089EA8CBD}.Release|Any CPU.ActiveCfg = Release|Any CPU
		{C8EC461B-43F2-4782-BB00-589089EA8CBD}.Release|Any CPU.Build.0 = Release|Any CPU
	EndGlobalSection
	GlobalSection(SolutionProperties) = preSolution
		HideSolutionNode = FALSE
	EndGlobalSection
	GlobalSection(ExtensibilityGlobals) = postSolution
		SolutionGuid = {D788E31F-575A-47F1-9F89-DA25EAB36F95}
	EndGlobalSection
EndGlobal
